
Microsoft Visual Studio Solution File, Format Version 12.00
# Visual Studio Version 17
VisualStudioVersion = 17.14.36518.9
MinimumVisualStudioVersion = 10.0.40219.1
Project("{FAE04EC0-301F-11D3-BF4B-00C04F79EFBC}") = "Laboratorio 12", "Laboratorio 12\Laboratorio 12.csproj", "{42E92F88-70E3-40CE-9036-4CB2324B6022}"
EndProject
Project("{FAE04EC0-301F-11D3-BF4B-00C04F79EFBC}") = "Laboratorio 12-2", "..\Laboratorio 12 - 2\Laboratorio 12-2\Laboratorio 12-2.csproj", "{9009646F-EAA8-4D72-AAD5-34E86616DD54}"
EndProject
Project("{FAE04EC0-301F-11D3-BF4B-00C04F79EFBC}") = "Laboratorio 12 - 3", "..\Laboratorio 12 - 3\Laboratorio 12 - 3\Laboratorio 12 - 3.csproj", "{C0B19851-538A-4A69-AC57-B76C96F11ADE}"
EndProject
Global
	GlobalSection(SolutionConfigurationPlatforms) = preSolution
		Debug|Any CPU = Debug|Any CPU
		Release|Any CPU = Release|Any CPU
	EndGlobalSection
	GlobalSection(ProjectConfigurationPlatforms) = postSolution
		{42E92F88-70E3-40CE-9036-4CB2324B6022}.Debug|Any CPU.ActiveCfg = Debug|Any CPU
		{42E92F88-70E3-40CE-9036-4CB2324B6022}.Debug|Any CPU.Build.0 = Debug|Any CPU
		{42E92F88-70E3-40CE-9036-4CB2324B6022}.Release|Any CPU.ActiveCfg = Release|Any CPU
		{42E92F88-70E3-40CE-9036-4CB2324B6022}.Release|Any CPU.Build.0 = Release|Any CPU
		{9009646F-EAA8-4D72-AAD5-34E86616DD54}.Debug|Any CPU.ActiveCfg = Debug|Any CPU
		{9009646F-EAA8-4D72-AAD5-34E86616DD54}.Debug|Any CPU.Build.0 = Debug|Any CPU
		{9009646F-EAA8-4D72-AAD5-34E86616DD54}.Release|Any CPU.ActiveCfg = Release|Any CPU
		{9009646F-EAA8-4D72-AAD5-34E86616DD54}.Release|Any CPU.Build.0 = Release|Any CPU
		{C0B19851-538A-4A69-AC57-B76C96F11ADE}.Debug|Any CPU.ActiveCfg = Debug|Any CPU
		{C0B19851-538A-4A69-AC57-B76C96F11ADE}.Debug|Any CPU.Build.0 = Debug|Any CPU
		{C0B19851-538A-4A69-AC57-B76C96F11ADE}.Release|Any CPU.ActiveCfg = Release|Any CPU
		{C0B19851-538A-4A69-AC57-B76C96F11ADE}.Release|Any CPU.Build.0 = Release|Any CPU
	EndGlobalSection
	GlobalSection(SolutionProperties) = preSolution
		HideSolutionNode = FALSE
	EndGlobalSection
	GlobalSection(ExtensibilityGlobals) = postSolution
		SolutionGuid = {D0FDDD06-5F5B-4192-A0B0-15B24C7EC6FE}
	EndGlobalSection
EndGlobal
