
Microsoft Visual Studio Solution File, Format Version 12.00
# Visual Studio Version 17
VisualStudioVersion = 17.11.35327.3
MinimumVisualStudioVersion = 10.0.40219.1
Project("{FAE04EC0-301F-11D3-BF4B-00C04F79EFBC}") = "lab15.3", "lab15.3\lab15.3.csproj", "{4492A595-44A0-458A-AD9C-AAF65E05E9B2}"
EndProject
Global
	GlobalSection(SolutionConfigurationPlatforms) = preSolution
		Debug|Any CPU = Debug|Any CPU
		Release|Any CPU = Release|Any CPU
	EndGlobalSection
	GlobalSection(ProjectConfigurationPlatforms) = postSolution
		{4492A595-44A0-458A-AD9C-AAF65E05E9B2}.Debug|Any CPU.ActiveCfg = Debug|Any CPU
		{4492A595-44A0-458A-AD9C-AAF65E05E9B2}.Debug|Any CPU.Build.0 = Debug|Any CPU
		{4492A595-44A0-458A-AD9C-AAF65E05E9B2}.Release|Any CPU.ActiveCfg = Release|Any CPU
		{4492A595-44A0-458A-AD9C-AAF65E05E9B2}.Release|Any CPU.Build.0 = Release|Any CPU
	EndGlobalSection
	GlobalSection(SolutionProperties) = preSolution
		HideSolutionNode = FALSE
	EndGlobalSection
	GlobalSection(ExtensibilityGlobals) = postSolution
		SolutionGuid = {DC6ADEBD-E3F6-4781-84E1-7B15A838AFAD}
	EndGlobalSection
EndGlobal
