
Microsoft Visual Studio Solution File, Format Version 12.00
# Visual Studio Version 17
VisualStudioVersion = 17.14.36518.9 d17.14
MinimumVisualStudioVersion = 10.0.40219.1
Project("{FAE04EC0-301F-11D3-BF4B-00C04F79EFBC}") = "Laboratorio 9-1", "Laboratorio 9-1\Laboratorio 9-1.csproj", "{1F8EEB65-83CC-4BE6-B100-F57BB02B5202}"
EndProject
Project("{FAE04EC0-301F-11D3-BF4B-00C04F79EFBC}") = "Laboratorio 9-2", "..\Laboratorio 9-2\Laboratorio 9-2.csproj", "{C51C3B9A-3200-4790-A9C2-EB68428826EA}"
EndProject
Project("{FAE04EC0-301F-11D3-BF4B-00C04F79EFBC}") = "Laboratorio 9-3", "..\Laboratorio 9-3\Laboratorio 9-3.csproj", "{D96A177F-9747-4C9B-8F5D-A518BFB8E559}"
EndProject
Project("{FAE04EC0-301F-11D3-BF4B-00C04F79EFBC}") = "Laboratorio 9-4", "..\Laboratorio 9-4\Laboratorio 9-4.csproj", "{4E286C07-5692-4C21-9AEA-7FBA98CCD809}"
EndProject
Global
	GlobalSection(SolutionConfigurationPlatforms) = preSolution
		Debug|Any CPU = Debug|Any CPU
		Release|Any CPU = Release|Any CPU
	EndGlobalSection
	GlobalSection(ProjectConfigurationPlatforms) = postSolution
		{1F8EEB65-83CC-4BE6-B100-F57BB02B5202}.Debug|Any CPU.ActiveCfg = Debug|Any CPU
		{1F8EEB65-83CC-4BE6-B100-F57BB02B5202}.Debug|Any CPU.Build.0 = Debug|Any CPU
		{1F8EEB65-83CC-4BE6-B100-F57BB02B5202}.Release|Any CPU.ActiveCfg = Release|Any CPU
		{1F8EEB65-83CC-4BE6-B100-F57BB02B5202}.Release|Any CPU.Build.0 = Release|Any CPU
		{C51C3B9A-3200-4790-A9C2-EB68428826EA}.Debug|Any CPU.ActiveCfg = Debug|Any CPU
		{C51C3B9A-3200-4790-A9C2-EB68428826EA}.Debug|Any CPU.Build.0 = Debug|Any CPU
		{C51C3B9A-3200-4790-A9C2-EB68428826EA}.Release|Any CPU.ActiveCfg = Release|Any CPU
		{C51C3B9A-3200-4790-A9C2-EB68428826EA}.Release|Any CPU.Build.0 = Release|Any CPU
		{D96A177F-9747-4C9B-8F5D-A518BFB8E559}.Debug|Any CPU.ActiveCfg = Debug|Any CPU
		{D96A177F-9747-4C9B-8F5D-A518BFB8E559}.Debug|Any CPU.Build.0 = Debug|Any CPU
		{D96A177F-9747-4C9B-8F5D-A518BFB8E559}.Release|Any CPU.ActiveCfg = Release|Any CPU
		{D96A177F-9747-4C9B-8F5D-A518BFB8E559}.Release|Any CPU.Build.0 = Release|Any CPU
		{4E286C07-5692-4C21-9AEA-7FBA98CCD809}.Debug|Any CPU.ActiveCfg = Debug|Any CPU
		{4E286C07-5692-4C21-9AEA-7FBA98CCD809}.Debug|Any CPU.Build.0 = Debug|Any CPU
		{4E286C07-5692-4C21-9AEA-7FBA98CCD809}.Release|Any CPU.ActiveCfg = Release|Any CPU
		{4E286C07-5692-4C21-9AEA-7FBA98CCD809}.Release|Any CPU.Build.0 = Release|Any CPU
	EndGlobalSection
	GlobalSection(SolutionProperties) = preSolution
		HideSolutionNode = FALSE
	EndGlobalSection
	GlobalSection(ExtensibilityGlobals) = postSolution
		SolutionGuid = {A5C207E0-0558-45F7-B627-F97360DAF49D}
	EndGlobalSection
EndGlobal
